
Microsoft Visual Studio Solution File, Format Version 12.00
# Visual Studio Version 17
VisualStudioVersion = 17.0.31903.59
MinimumVisualStudioVersion = 10.0.40219.1
Project("{2150E333-8FDC-42A3-9474-1A3956D46DE8}") = "ArrowOut", "ArrowOut", "{827E0CD3-B72D-47B6-A68D-7590B98EB39B}"
EndProject
Project("{FAE04EC0-301F-11D3-BF4B-00C04F79EFBC}") = "ArrowOut.Game", "ArrowOut\ArrowOut.Game\ArrowOut.Game.csproj", "{87ADA9A1-2FEE-4B75-8E8B-3ECE5CC9C18F}"
EndProject
Project("{FAE04EC0-301F-11D3-BF4B-00C04F79EFBC}") = "ArrowOut.Data", "ArrowOut\ArrowOut.Data\ArrowOut.Data.csproj", "{A9971D72-3DC9-4BEB-B377-16DBABC2A3B5}"
EndProject
Project("{FAE04EC0-301F-11D3-BF4B-00C04F79EFBC}") = "ArrowOut.Services", "ArrowOut\ArrowOut.Services\ArrowOut.Services.csproj", "{223FA039-99E8-4648-B33F-B83C65413993}"
EndProject
Project("{FAE04EC0-301F-11D3-BF4B-00C04F79EFBC}") = "ArrowOut.Web", "ArrowOut\ArrowOut.Web\ArrowOut.Web.csproj", "{6334B132-D3E9-42BA-A4D9-7F6BC9512D98}"
EndProject
Project("{2150E333-8FDC-42A3-9474-1A3956D46DE8}") = "tests", "tests", "{0AB3BF05-4346-4AA6-1389-037BE0695223}"
EndProject
Project("{FAE04EC0-301F-11D3-BF4B-00C04F79EFBC}") = "ArrowOut.Tests", "tests\ArrowOut.Tests\ArrowOut.Tests.csproj", "{869F0A4B-D8DB-45B4-BA13-F3783BC959BC}"
EndProject
Global
	GlobalSection(SolutionConfigurationPlatforms) = preSolution
		Debug|Any CPU = Debug|Any CPU
		Debug|x64 = Debug|x64
		Debug|x86 = Debug|x86
		Release|Any CPU = Release|Any CPU
		Release|x64 = Release|x64
		Release|x86 = Release|x86
	EndGlobalSection
	GlobalSection(ProjectConfigurationPlatforms) = postSolution
		{87ADA9A1-2FEE-4B75-8E8B-3ECE5CC9C18F}.Debug|Any CPU.ActiveCfg = Debug|Any CPU
		{87ADA9A1-2FEE-4B75-8E8B-3ECE5CC9C18F}.Debug|Any CPU.Build.0 = Debug|Any CPU
		{87ADA9A1-2FEE-4B75-8E8B-3ECE5CC9C18F}.Debug|x64.ActiveCfg = Debug|Any CPU
		{87ADA9A1-2FEE-4B75-8E8B-3ECE5CC9C18F}.Debug|x64.Build.0 = Debug|Any CPU
		{87ADA9A1-2FEE-4B75-8E8B-3ECE5CC9C18F}.Debug|x86.ActiveCfg = Debug|Any CPU
		{87ADA9A1-2FEE-4B75-8E8B-3ECE5CC9C18F}.Debug|x86.Build.0 = Debug|Any CPU
		{87ADA9A1-2FEE-4B75-8E8B-3ECE5CC9C18F}.Release|Any CPU.ActiveCfg = Release|Any CPU
		{87ADA9A1-2FEE-4B75-8E8B-3ECE5CC9C18F}.Release|Any CPU.Build.0 = Release|Any CPU
		{87ADA9A1-2FEE-4B75-8E8B-3ECE5CC9C18F}.Release|x64.ActiveCfg = Release|Any CPU
		{87ADA9A1-2FEE-4B75-8E8B-3ECE5CC9C18F}.Release|x64.Build.0 = Release|Any CPU
		{87ADA9A1-2FEE-4B75-8E8B-3ECE5CC9C18F}.Release|x86.ActiveCfg = Release|Any CPU
		{87ADA9A1-2FEE-4B75-8E8B-3ECE5CC9C18F}.Release|x86.Build.0 = Release|Any CPU
		{A9971D72-3DC9-4BEB-B377-16DBABC2A3B5}.Debug|Any CPU.ActiveCfg = Debug|Any CPU
		{A9971D72-3DC9-4BEB-B377-16DBABC2A3B5}.Debug|Any CPU.Build.0 = Debug|Any CPU
		{A9971D72-3DC9-4BEB-B377-16DBABC2A3B5}.Debug|x64.ActiveCfg = Debug|Any CPU
		{A9971D72-3DC9-4BEB-B377-16DBABC2A3B5}.Debug|x64.Build.0 = Debug|Any CPU
		{A9971D72-3DC9-4BEB-B377-16DBABC2A3B5}.Debug|x86.ActiveCfg = Debug|Any CPU
		{A9971D72-3DC9-4BEB-B377-16DBABC2A3B5}.Debug|x86.Build.0 = Debug|Any CPU
		{A9971D72-3DC9-4BEB-B377-16DBABC2A3B5}.Release|Any CPU.ActiveCfg = Release|Any CPU
		{A9971D72-3DC9-4BEB-B377-16DBABC2A3B5}.Release|Any CPU.Build.0 = Release|Any CPU
		{A9971D72-3DC9-4BEB-B377-16DBABC2A3B5}.Release|x64.ActiveCfg = Release|Any CPU
		{A9971D72-3DC9-4BEB-B377-16DBABC2A3B5}.Release|x64.Build.0 = Release|Any CPU
		{A9971D72-3DC9-4BEB-B377-16DBABC2A3B5}.Release|x86.ActiveCfg = Release|Any CPU
		{A9971D72-3DC9-4BEB-B377-16DBABC2A3B5}.Release|x86.Build.0 = Release|Any CPU
		{223FA039-99E8-4648-B33F-B83C65413993}.Debug|Any CPU.ActiveCfg = Debug|Any CPU
		{223FA039-99E8-4648-B33F-B83C65413993}.Debug|Any CPU.Build.0 = Debug|Any CPU
		{223FA039-99E8-4648-B33F-B83C65413993}.Debug|x64.ActiveCfg = Debug|Any CPU
		{223FA039-99E8-4648-B33F-B83C65413993}.Debug|x64.Build.0 = Debug|Any CPU
		{223FA039-99E8-4648-B33F-B83C65413993}.Debug|x86.ActiveCfg = Debug|Any CPU
		{223FA039-99E8-4648-B33F-B83C65413993}.Debug|x86.Build.0 = Debug|Any CPU
		{223FA039-99E8-4648-B33F-B83C65413993}.Release|Any CPU.ActiveCfg = Release|Any CPU
		{223FA039-99E8-4648-B33F-B83C65413993}.Release|Any CPU.Build.0 = Release|Any CPU
		{223FA039-99E8-4648-B33F-B83C65413993}.Release|x64.ActiveCfg = Release|Any CPU
		{223FA039-99E8-4648-B33F-B83C65413993}.Release|x64.Build.0 = Release|Any CPU
		{223FA039-99E8-4648-B33F-B83C65413993}.Release|x86.ActiveCfg = Release|Any CPU
		{223FA039-99E8-4648-B33F-B83C65413993}.Release|x86.Build.0 = Release|Any CPU
		{6334B132-D3E9-42BA-A4D9-7F6BC9512D98}.Debug|Any CPU.ActiveCfg = Debug|Any CPU
		{6334B132-D3E9-42BA-A4D9-7F6BC9512D98}.Debug|Any CPU.Build.0 = Debug|Any CPU
		{6334B132-D3E9-42BA-A4D9-7F6BC9512D98}.Debug|x64.ActiveCfg = Debug|Any CPU
		{6334B132-D3E9-42BA-A4D9-7F6BC9512D98}.Debug|x64.Build.0 = Debug|Any CPU
		{6334B132-D3E9-42BA-A4D9-7F6BC9512D98}.Debug|x86.ActiveCfg = Debug|Any CPU
		{6334B132-D3E9-42BA-A4D9-7F6BC9512D98}.Debug|x86.Build.0 = Debug|Any CPU
		{6334B132-D3E9-42BA-A4D9-7F6BC9512D98}.Release|Any CPU.ActiveCfg = Release|Any CPU
		{6334B132-D3E9-42BA-A4D9-7F6BC9512D98}.Release|Any CPU.Build.0 = Release|Any CPU
		{6334B132-D3E9-42BA-A4D9-7F6BC9512D98}.Release|x64.ActiveCfg = Release|Any CPU
		{6334B132-D3E9-42BA-A4D9-7F6BC9512D98}.Release|x64.Build.0 = Release|Any CPU
		{6334B132-D3E9-42BA-A4D9-7F6BC9512D98}.Release|x86.ActiveCfg = Release|Any CPU
		{6334B132-D3E9-42BA-A4D9-7F6BC9512D98}.Release|x86.Build.0 = Release|Any CPU
		{869F0A4B-D8DB-45B4-BA13-F3783BC959BC}.Debug|Any CPU.ActiveCfg = Debug|Any CPU
		{869F0A4B-D8DB-45B4-BA13-F3783BC959BC}.Debug|Any CPU.Build.0 = Debug|Any CPU
		{869F0A4B-D8DB-45B4-BA13-F3783BC959BC}.Debug|x64.ActiveCfg = Debug|Any CPU
		{869F0A4B-D8DB-45B4-BA13-F3783BC959BC}.Debug|x64.Build.0 = Debug|Any CPU
		{869F0A4B-D8DB-45B4-BA13-F3783BC959BC}.Debug|x86.ActiveCfg = Debug|Any CPU
		{869F0A4B-D8DB-45B4-BA13-F3783BC959BC}.Debug|x86.Build.0 = Debug|Any CPU
		{869F0A4B-D8DB-45B4-BA13-F3783BC959BC}.Release|Any CPU.ActiveCfg = Release|Any CPU
		{869F0A4B-D8DB-45B4-BA13-F3783BC959BC}.Release|Any CPU.Build.0 = Release|Any CPU
		{869F0A4B-D8DB-45B4-BA13-F3783BC959BC}.Release|x64.ActiveCfg = Release|Any CPU
		{869F0A4B-D8DB-45B4-BA13-F3783BC959BC}.Release|x64.Build.0 = Release|Any CPU
		{869F0A4B-D8DB-45B4-BA13-F3783BC959BC}.Release|x86.ActiveCfg = Release|Any CPU
		{869F0A4B-D8DB-45B4-BA13-F3783BC959BC}.Release|x86.Build.0 = Release|Any CPU
	EndGlobalSection
	GlobalSection(SolutionProperties) = preSolution
		HideSolutionNode = FALSE
	EndGlobalSection
	GlobalSection(NestedProjects) = preSolution
		{87ADA9A1-2FEE-4B75-8E8B-3ECE5CC9C18F} = {827E0CD3-B72D-47B6-A68D-7590B98EB39B}
		{A9971D72-3DC9-4BEB-B377-16DBABC2A3B5} = {827E0CD3-B72D-47B6-A68D-7590B98EB39B}
		{223FA039-99E8-4648-B33F-B83C65413993} = {827E0CD3-B72D-47B6-A68D-7590B98EB39B}
		{6334B132-D3E9-42BA-A4D9-7F6BC9512D98} = {827E0CD3-B72D-47B6-A68D-7590B98EB39B}
		{869F0A4B-D8DB-45B4-BA13-F3783BC959BC} = {0AB3BF05-4346-4AA6-1389-037BE0695223}
	EndGlobalSection
EndGlobal
